{
    "name": "html-functionality",
    "version": "0.0.0",
    "lockfileVersion": 1,
    "requires": true,
    "dependencies": {
        "@types/atom": {
            "version": "1.21.5",
            "resolved": "https://registry.npmjs.org/@types/atom/-/atom-1.21.5.tgz",
            "integrity": "sha512-IGij10h9bDhJxKCjdaaMxaoZY/D+VYtSFmcqWWx054mfswAuLnFwYiXShuijbL7CMoWF6mz+nhD0DoLP9HiN5g==",
            "dev": true,
            "requires": {
                "@types/atom-keymap": "8.0.1",
                "@types/event-kit": "2.0.2",
                "@types/first-mate": "7.0.2",
                "@types/jquery": "3.2.15",
                "@types/node": "8.0.47",
                "@types/pathwatcher": "8.0.2",
                "@types/text-buffer": "13.0.2"
            }
        },
        "@types/atom-keymap": {
            "version": "8.0.1",
            "resolved": "https://registry.npmjs.org/@types/atom-keymap/-/atom-keymap-8.0.1.tgz",
            "integrity": "sha512-qypRzvDgSVqUlbcRmgV3URn5jMSyv5H1GCQDF3MxrVR0RXmVERZLDrIuJtbN6l1GQEotLsfomg6vuMqrAo2eUw==",
            "dev": true,
            "requires": {
                "@types/event-kit": "2.0.2"
            }
        },
        "@types/event-kit": {
            "version": "2.0.2",
            "resolved": "https://registry.npmjs.org/@types/event-kit/-/event-kit-2.0.2.tgz",
            "integrity": "sha512-/LwsHmDICvUbJJ1yU2wu05GtQYWILM50uUfuQficu+dUYYWbSu0ZolS8dhGQhC2JN2gM2kVjpCM3oHB5aoYMrQ==",
            "dev": true
        },
        "@types/first-mate": {
            "version": "7.0.2",
            "resolved": "https://registry.npmjs.org/@types/first-mate/-/first-mate-7.0.2.tgz",
            "integrity": "sha512-s2CAkbjU/1S2MJ+zCF7LVywY+erEe2aH9+N/u/dRnqqptlwq2JGow/y4LoNn7sV0kvz0cjVGXschEKJBpGmuyw==",
            "dev": true,
            "requires": {
                "@types/event-kit": "2.0.2"
            }
        },
        "@types/jquery": {
            "version": "3.2.15",
            "resolved": "https://registry.npmjs.org/@types/jquery/-/jquery-3.2.15.tgz",
            "integrity": "sha512-SmiwGv/ISoltkDMngZ8sb9ijj6mYx3084XkHul/U4r03N2C14j6F+Lx+RfZ/f5zGOVOKEUIrRLVCNFKEaVDABQ==",
            "dev": true
        },
        "@types/node": {
            "version": "8.0.47",
            "resolved": "https://registry.npmjs.org/@types/node/-/node-8.0.47.tgz",
            "integrity": "sha512-kOwL746WVvt/9Phf6/JgX/bsGQvbrK5iUgzyfwZNcKVFcjAUVSpF9HxevLTld2SG9aywYHOILj38arDdY1r/iQ==",
            "dev": true
        },
        "@types/pathwatcher": {
            "version": "8.0.2",
            "resolved": "https://registry.npmjs.org/@types/pathwatcher/-/pathwatcher-8.0.2.tgz",
            "integrity": "sha512-vBsYO1eqOfhc+YzgZQ7dFmgYZRcfY/7AxD22hZbdRzBHtTtZcAfNpb4jtP6iu4N+o54kD7DZbp+OWerfzOcCLQ==",
            "dev": true,
            "requires": {
                "@types/event-kit": "2.0.2",
                "@types/node": "8.0.47"
            }
        },
        "@types/text-buffer": {
            "version": "13.0.2",
            "resolved": "https://registry.npmjs.org/@types/text-buffer/-/text-buffer-13.0.2.tgz",
            "integrity": "sha512-ZDh/QexbCOxHGqZZJ7CsIp0kIop/4frJHv6uh51wF5MOzcI3MeapG2c0Tzu1NuDYmt43cSFhcq5IXGWuf03KCA==",
            "dev": true,
            "requires": {
                "@types/event-kit": "2.0.2",
                "@types/pathwatcher": "8.0.2"
            }
        },
        "atom-ts-transpiler": {
            "version": "1.2.2",
            "resolved": "https://registry.npmjs.org/atom-ts-transpiler/-/atom-ts-transpiler-1.2.2.tgz",
            "integrity": "sha512-sRKt8Y51rV0Dv8KZ1OJ6qfs5fgVeNg4KiS5RZePA31veYs8EHJlMBGEoN9dQZb4hsR0bVOoNPTmVst942LdAAQ=="
        },
        "typescript": {
            "version": "2.5.3",
            "resolved": "https://registry.npmjs.org/typescript/-/typescript-2.5.3.tgz",
            "integrity": "sha512-ptLSQs2S4QuS6/OD1eAKG+S5G8QQtrU5RT32JULdZQtM1L3WTi34Wsu48Yndzi8xsObRAB9RPt/KhA9wlpEF6w=="
        }
    }
}
